
Microsoft Visual Studio Solution File, Format Version 12.00
# Visual Studio 15
VisualStudioVersion = 15.0.27703.2042
MinimumVisualStudioVersion = 10.0.40219.1
Project("{9A19103F-16F7-4668-BE54-9A1E7A4F7556}") = "Todo", "Todo\Todo.csproj", "{3C494FAF-A294-4C95-8574-84F28762F032}"
EndProject
Project("{9A19103F-16F7-4668-BE54-9A1E7A4F7556}") = "Todo.tests", "Todo.tests\Todo.tests.csproj", "{AD38A2C2-5A9D-44DD-8D9A-7AE2200773C5}"
EndProject
Project("{9A19103F-16F7-4668-BE54-9A1E7A4F7556}") = "TodoIntegrationTest.tests", "TodoIntegrationTest.tests\TodoIntegrationTest.tests.csproj", "{2A21490D-885B-4FCD-B6F2-F2BF8B9A5330}"
EndProject
Project("{9A19103F-16F7-4668-BE54-9A1E7A4F7556}") = "TodoUnitTest.tests", "TodoUnitTest\TodoUnitTest.tests.csproj", "{B6E61FEE-AAFF-4388-9A56-5A2F0E9243F7}"
EndProject
Global
	GlobalSection(SolutionConfigurationPlatforms) = preSolution
		Debug|Any CPU = Debug|Any CPU
		Release|Any CPU = Release|Any CPU
	EndGlobalSection
	GlobalSection(ProjectConfigurationPlatforms) = postSolution
		{3C494FAF-A294-4C95-8574-84F28762F032}.Debug|Any CPU.ActiveCfg = Debug|Any CPU
		{3C494FAF-A294-4C95-8574-84F28762F032}.Debug|Any CPU.Build.0 = Debug|Any CPU
		{3C494FAF-A294-4C95-8574-84F28762F032}.Release|Any CPU.ActiveCfg = Release|Any CPU
		{3C494FAF-A294-4C95-8574-84F28762F032}.Release|Any CPU.Build.0 = Release|Any CPU
		{AD38A2C2-5A9D-44DD-8D9A-7AE2200773C5}.Debug|Any CPU.ActiveCfg = Debug|Any CPU
		{AD38A2C2-5A9D-44DD-8D9A-7AE2200773C5}.Debug|Any CPU.Build.0 = Debug|Any CPU
		{AD38A2C2-5A9D-44DD-8D9A-7AE2200773C5}.Release|Any CPU.ActiveCfg = Release|Any CPU
		{AD38A2C2-5A9D-44DD-8D9A-7AE2200773C5}.Release|Any CPU.Build.0 = Release|Any CPU
		{2A21490D-885B-4FCD-B6F2-F2BF8B9A5330}.Debug|Any CPU.ActiveCfg = Debug|Any CPU
		{2A21490D-885B-4FCD-B6F2-F2BF8B9A5330}.Debug|Any CPU.Build.0 = Debug|Any CPU
		{2A21490D-885B-4FCD-B6F2-F2BF8B9A5330}.Release|Any CPU.ActiveCfg = Release|Any CPU
		{2A21490D-885B-4FCD-B6F2-F2BF8B9A5330}.Release|Any CPU.Build.0 = Release|Any CPU
		{B6E61FEE-AAFF-4388-9A56-5A2F0E9243F7}.Debug|Any CPU.ActiveCfg = Debug|Any CPU
		{B6E61FEE-AAFF-4388-9A56-5A2F0E9243F7}.Debug|Any CPU.Build.0 = Debug|Any CPU
		{B6E61FEE-AAFF-4388-9A56-5A2F0E9243F7}.Release|Any CPU.ActiveCfg = Release|Any CPU
		{B6E61FEE-AAFF-4388-9A56-5A2F0E9243F7}.Release|Any CPU.Build.0 = Release|Any CPU
	EndGlobalSection
	GlobalSection(SolutionProperties) = preSolution
		HideSolutionNode = FALSE
	EndGlobalSection
	GlobalSection(ExtensibilityGlobals) = postSolution
		SolutionGuid = {59A54F85-61C9-4E58-9A6B-3CEAAEB56114}
	EndGlobalSection
EndGlobal
